
Microsoft Visual Studio Solution File, Format Version 12.00
Project("{FAE04EC0-301F-11D3-BF4B-00C04F79EFBC}") = "IAFPS_Back", "IAFPS_Back\IAFPS_Back.csproj", "{03A155D0-364A-4957-A581-BA2BD21A793B}"
EndProject
Global
	GlobalSection(SolutionConfigurationPlatforms) = preSolution
		Debug|Any CPU = Debug|Any CPU
		Release|Any CPU = Release|Any CPU
	EndGlobalSection
	GlobalSection(ProjectConfigurationPlatforms) = postSolution
		{03A155D0-364A-4957-A581-BA2BD21A793B}.Debug|Any CPU.ActiveCfg = Debug|Any CPU
		{03A155D0-364A-4957-A581-BA2BD21A793B}.Debug|Any CPU.Build.0 = Debug|Any CPU
		{03A155D0-364A-4957-A581-BA2BD21A793B}.Release|Any CPU.ActiveCfg = Release|Any CPU
		{03A155D0-364A-4957-A581-BA2BD21A793B}.Release|Any CPU.Build.0 = Release|Any CPU
	EndGlobalSection
EndGlobal
